
Microsoft Visual Studio Solution File, Format Version 12.00
# Visual Studio Version 17
VisualStudioVersion = 17.3.32929.385
MinimumVisualStudioVersion = 10.0.40219.1
Project("{FAE04EC0-301F-11D3-BF4B-00C04F79EFBC}") = "LinkProject", "LinkProject\LinkProject.csproj", "{AF90BFA2-BC89-4286-9F63-4469E8961DCD}"
EndProject
Global
	GlobalSection(SolutionConfigurationPlatforms) = preSolution
		Debug|Any CPU = Debug|Any CPU
		Release|Any CPU = Release|Any CPU
	EndGlobalSection
	GlobalSection(ProjectConfigurationPlatforms) = postSolution
		{AF90BFA2-BC89-4286-9F63-4469E8961DCD}.Debug|Any CPU.ActiveCfg = Debug|Any CPU
		{AF90BFA2-BC89-4286-9F63-4469E8961DCD}.Debug|Any CPU.Build.0 = Debug|Any CPU
		{AF90BFA2-BC89-4286-9F63-4469E8961DCD}.Release|Any CPU.ActiveCfg = Release|Any CPU
		{AF90BFA2-BC89-4286-9F63-4469E8961DCD}.Release|Any CPU.Build.0 = Release|Any CPU
	EndGlobalSection
	GlobalSection(SolutionProperties) = preSolution
		HideSolutionNode = FALSE
	EndGlobalSection
	GlobalSection(ExtensibilityGlobals) = postSolution
		SolutionGuid = {F8D14B0C-E467-40A1-A425-EE19AE9A0A16}
	EndGlobalSection
EndGlobal
